NeoBundleLock SrcExpl ba827cb3d2d1e7f0616850f147dfef744215fea2
NeoBundleLock Trinity 8c6ac7ca4ab3b3aedf300b3d425276f12594d425
NeoBundleLock TweetVim 7d4c4313e9b77901a2fd0ff5d55795a4bb5dc619
NeoBundleLock YankRing.vim 28854abef8fa4ebd3cb219aefcf22566997d8f65
NeoBundleLock bitly.vim cef05fe8b905e99c5746d8d6348e211d71f30064
NeoBundleLock jazzradio.vim b6b58b3f11b14d1c38560c298d49a7a8b43177be
NeoBundleLock lightline.vim 9883aaba3f4a4718559ca7f830cd6f4cf52842f0
NeoBundleLock molokai c67bdfcdb31415aa0ade7f8c003261700a885476
NeoBundleLock mru 6e6064a087e73d6376962a1b05382b6dc72f7048
NeoBundleLock neco-ruby-keyword-args fecf457535d74884e46cd44ad0752ab257be6567
NeoBundleLock neobundle.vim 1a789ef65ff12114440cc7d89c3b2ef0f0b8968c
NeoBundleLock neocomplcache 778181767467b8f8016828898779a646074d883a
NeoBundleLock neosnippet 02176938f751e20a3a794e836aaba14e11eba34e
NeoBundleLock neosnippet-snippets 882d47c8809c74dc6f4aa5c8e288d220d8c1ede6
NeoBundleLock nerdtree 4ebbb533c3faf2c480211db2b547972bb3b60f2b
NeoBundleLock open-browser.vim e17535850b8096b79907df9059fb43c51448f038
NeoBundleLock previm b130f24277e3c6a5afa3984921516b0a83b31d28
NeoBundleLock rubocop 4002642eb4f119760c7813e2a6f5432b8e427939
NeoBundleLock ruby-matchit c4d8079287fc8d804d2a92bcb66964d673666540
NeoBundleLock switch.vim 371d6812d8d072d99f8191e0d49f0ab70475eaf5
NeoBundleLock tcomment_vim f5ca095f3caed4b267737d033d23cea421777149
NeoBundleLock twibill.vim fe08b7202b685fd0912625327e474f9de0993b93
NeoBundleLock unite-outline 962aaa61d5585634c15c3a7071df7c6a12c5e3cd
NeoBundleLock unite-rails 1509884b919f0669e07cd73eb86118dd916c3af7
NeoBundleLock unite.vim 036ff0da4204d4e2b6e1c75822dfe5dfb16d4098
NeoBundleLock vim-easy-align 7cb559eb70600bbd81afbb2d7f60d98334f631e2
NeoBundleLock vim-endwise f06abe3d6eca6f6ebfc31ea3163a51575f450df6
NeoBundleLock vim-hemisu 37ea6aace110e1e70acb32a3ec6dc9b7ae9009bf
NeoBundleLock vim-indent-guides 49bde6fa30648345ffabfe55b3a095a293568a2e
NeoBundleLock vim-markdown 642730fccce7e78c995389f3c430747d266efa96
NeoBundleLock vim-over 0d99be7953f85c63eb4c904020eba9ce72f43e73
NeoBundleLock vim-qml fba69d19674d540a53458d312af1947c7d44b9ad
NeoBundleLock vim-quickhl 239d9edf6d2d250b4be2511a15fcec077e10314f
NeoBundleLock vim-quickrun 5bcb966b80d9d9e4051d9882a07fd61a2ea39d23
NeoBundleLock vim-rails e25769a7f42d86b38d6ee87350ff2f6a37e68258
NeoBundleLock vim-surround 2d05440ad23f97a7874ebd9b5de3a0e65d25d85c
NeoBundleLock vim-tags e75dea76e488d9208ed73c53c46a4abee2695115
NeoBundleLock vimproc c809cb15f04f2ae62cb345365d2e76665294623b
NeoBundleLock vimshell.vim 7931e3bf9fbba738b26bb76143dfc1df17f7a99b
NeoBundleLock webapi-vim dfc60635e610f9200646a84d11887af9e3d50b10
